<?xml version="1.0" encoding="utf-8"?>
<Project ToolsVersion="4.0" xmlns="http://schemas.microsoft.com/developer/msbuild/2003">
  <ItemGroup>
    <Filter Include="Source Files">
      <UniqueIdentifier>{4FC737F1-C7A5-4376-A066-2A32D752A2FF}</UniqueIdentifier>
      <Extensions>cpp;c;cc;cxx;def;odl;idl;hpj;bat;asm;asmx</Extensions>
    </Filter>
    <Filter Include="Header Files">
      <UniqueIdentifier>{93995380-89BD-4b04-88EB-625FBE52EBFB}</UniqueIdentifier>
      <Extensions>h;hh;hpp;hxx;hm;inl;inc;xsd</Extensions>
    </Filter>
    <Filter Include="Resource Files">
      <UniqueIdentifier>{67DA6AB6-F800-4c08-8B7A-83BB121AAD01}</UniqueIdentifier>
      <Extensions>rc;ico;cur;bmp;dlg;rc2;rct;bin;rgs;gif;jpg;jpeg;jpe;resx;tiff;tif;png;wav;mfcribbon-ms</Extensions>
    </Filter>
    <Filter Include="Source Files\Engine">
      <UniqueIdentifier>{6313ea56-3182-4370-afaa-7814cb38849a}</UniqueIdentifier>
    </Filter>
    <Filter Include="Header Files\Engine">
      <UniqueIdentifier>{d564108e-7e55-43f2-9743-d7b948090d56}</UniqueIdentifier>
    </Filter>
    <Filter Include="Shaders">
      <UniqueIdentifier>{33eb35fd-dc50-45fe-9bd0-6f6ea2268067}</UniqueIdentifier>
    </Filter>
    <Filter Include="Header Files\Engine\Objects">
      <UniqueIdentifier>{b1be850d-39b5-42a1-beee-21832caf2dbf}</UniqueIdentifier>
    </Filter>
    <Filter Include="Source Files\Engine\Objects">
      <UniqueIdentifier>{8cd5b18e-bc84-4e0f-baca-57ccf95c1dec}</UniqueIdentifier>
    </Filter>
    <Filter Include="Source Files\Engine\Main">
      <UniqueIdentifier>{b16334cd-81af-4cda-b65d-adb56edab2ad}</UniqueIdentifier>
    </Filter>
    <Filter Include="Source Files\Engine\Objects\Camera">
      <UniqueIdentifier>{f6321d2c-d0cf-4e21-9633-086e64aa565e}</UniqueIdentifier>
    </Filter>
    <Filter Include="Source Files\Engine\Shaders">
      <UniqueIdentifier>{8e0b80c9-b42e-4ca0-b273-d75dbf170a8d}</UniqueIdentifier>
    </Filter>
    <Filter Include="Header Files\Engine\Objects\Camera">
      <UniqueIdentifier>{8b98caf0-6f55-4413-bbe8-99996b20bad7}</UniqueIdentifier>
    </Filter>
    <Filter Include="Header Files\Engine\Shaders">
      <UniqueIdentifier>{157b7497-4376-4f92-a250-563135a7eb2b}</UniqueIdentifier>
    </Filter>
    <Filter Include="Source Files\Engine\Rendering">
      <UniqueIdentifier>{d3cf3d59-347b-491e-965e-25b9801d8a4f}</UniqueIdentifier>
    </Filter>
    <Filter Include="Shaders\texture">
      <UniqueIdentifier>{1f443b36-8bed-4450-a187-c8cbc7c00b07}</UniqueIdentifier>
    </Filter>
    <Filter Include="Header Files\Engine\Rendering">
      <UniqueIdentifier>{769b31a2-6a15-4b46-87f5-3cd38f7eb2ad}</UniqueIdentifier>
    </Filter>
    <Filter Include="Header Files\Engine\System">
      <UniqueIdentifier>{159774e4-674f-46eb-a6a3-973e71dac5e7}</UniqueIdentifier>
    </Filter>
    <Filter Include="Header Files\Engine\Main">
      <UniqueIdentifier>{7f9fe364-1899-456f-af05-4345daaa703d}</UniqueIdentifier>
    </Filter>
    <Filter Include="Source Files\Engine\SystemUtilities">
      <UniqueIdentifier>{12465a2b-42e0-4379-a42d-bbf4025c2ce9}</UniqueIdentifier>
    </Filter>
    <Filter Include="Source Files\Engine\Objects\Objects3D">
      <UniqueIdentifier>{a2ed46a3-8ce0-43a9-bd8a-ebd3cc8e67ae}</UniqueIdentifier>
    </Filter>
    <Filter Include="Source Files\Engine\Objects\Objects3D\Vertex Objects">
      <UniqueIdentifier>{f317f77d-c5b2-4378-9c61-8e2ebc8de16d}</UniqueIdentifier>
    </Filter>
    <Filter Include="Source Files\Engine\Objects\Objects2D">
      <UniqueIdentifier>{8ecd378e-3655-4b5c-a657-7a5a2d4a6f50}</UniqueIdentifier>
    </Filter>
    <Filter Include="Header Files\Engine\Objects\Object3D">
      <UniqueIdentifier>{d34bdd98-c057-422e-9515-09cd3271c201}</UniqueIdentifier>
    </Filter>
    <Filter Include="Header Files\Engine\Objects\Object3D\Vertex Objects">
      <UniqueIdentifier>{e79f9d96-e16f-4fd2-85e8-0aa727956427}</UniqueIdentifier>
    </Filter>
    <Filter Include="Header Files\Engine\Objects\Object2D">
      <UniqueIdentifier>{2350a260-758d-40a2-bc92-6e6221b1b42a}</UniqueIdentifier>
    </Filter>
    <Filter Include="Header Files\Engine\Rendering\RenderTexture">
      <UniqueIdentifier>{fe0d8fee-3ddb-4edd-a52a-8c225c5a8937}</UniqueIdentifier>
    </Filter>
    <Filter Include="Shaders\texture\colour">
      <UniqueIdentifier>{779df0df-88b6-4013-9b1e-127e13006d89}</UniqueIdentifier>
    </Filter>
  </ItemGroup>
  <ItemGroup>
    <None Include="packages.config" />
    <None Include="color.ps">
      <Filter>Shaders\texture\colour</Filter>
    </None>
    <None Include="color.vs">
      <Filter>Shaders\texture\colour</Filter>
    </None>
    <None Include="texture.vs">
      <Filter>Shaders\texture</Filter>
    </None>
    <None Include="texture.ps">
      <Filter>Shaders\texture</Filter>
    </None>
    <None Include="color.fx">
      <Filter>Shaders\texture\colour</Filter>
    </None>
    <None Include="TextureDynamic.fx">
      <Filter>Shaders\texture</Filter>
    </None>
    <None Include="texture.fx">
      <Filter>Shaders\texture</Filter>
    </None>
  </ItemGroup>
  <ItemGroup>
    <ClInclude Include="VertexModel.h">
      <Filter>Header Files\Engine\Objects\Object3D\Vertex Objects</Filter>
    </ClInclude>
    <ClInclude Include="Camera.h">
      <Filter>Header Files\Engine\Objects\Camera</Filter>
    </ClInclude>
    <ClInclude Include="ColorShader.h">
      <Filter>Header Files\Engine\Shaders</Filter>
    </ClInclude>
    <ClInclude Include="Quad.h">
      <Filter>Header Files\Engine\Objects\Object3D\Vertex Objects</Filter>
    </ClInclude>
    <ClInclude Include="D3D.h">
      <Filter>Header Files\Engine\Rendering</Filter>
    </ClInclude>
    <ClInclude Include="Graphics.h">
      <Filter>Header Files\Engine\Rendering</Filter>
    </ClInclude>
    <ClInclude Include="Time.h">
      <Filter>Header Files\Engine\System</Filter>
    </ClInclude>
    <ClInclude Include="System.h">
      <Filter>Header Files\Engine\Main</Filter>
    </ClInclude>
    <ClInclude Include="TextureShader.h">
      <Filter>Header Files\Engine\Shaders</Filter>
    </ClInclude>
    <ClInclude Include="TextureLoader.h">
      <Filter>Header Files\Engine\System</Filter>
    </ClInclude>
    <ClInclude Include="InputManager.h">
      <Filter>Header Files\Engine\System</Filter>
    </ClInclude>
    <ClInclude Include="Object.h">
      <Filter>Header Files\Engine\Objects\Object3D</Filter>
    </ClInclude>
    <ClInclude Include="Bitmap.h">
      <Filter>Header Files\Engine\Objects\Object2D</Filter>
    </ClInclude>
    <ClInclude Include="RenderTexture.h">
      <Filter>Header Files\Engine\Rendering\RenderTexture</Filter>
    </ClInclude>
    <ClInclude Include="DebugWindow.h">
      <Filter>Header Files\Engine\Rendering\RenderTexture</Filter>
    </ClInclude>
    <ClInclude Include="DrawData.h">
      <Filter>Header Files\Engine</Filter>
    </ClInclude>
    <ClInclude Include="Cube.h">
      <Filter>Header Files\Engine\Objects\Object3D\Vertex Objects</Filter>
    </ClInclude>
  </ItemGroup>
  <ItemGroup>
    <ClCompile Include="WinMain.cpp">
      <Filter>Source Files\Engine\Main</Filter>
    </ClCompile>
    <ClCompile Include="VertexModel.cpp">
      <Filter>Source Files\Engine\Objects\Objects3D\Vertex Objects</Filter>
    </ClCompile>
    <ClCompile Include="Camera.cpp">
      <Filter>Source Files\Engine\Objects\Camera</Filter>
    </ClCompile>
    <ClCompile Include="ColorShader.cpp">
      <Filter>Source Files\Engine\Shaders</Filter>
    </ClCompile>
    <ClCompile Include="Quad.cpp">
      <Filter>Source Files\Engine\Objects\Objects3D\Vertex Objects</Filter>
    </ClCompile>
    <ClCompile Include="D3D.cpp">
      <Filter>Source Files\Engine\Rendering</Filter>
    </ClCompile>
    <ClCompile Include="Graphics.cpp">
      <Filter>Source Files\Engine\Rendering</Filter>
    </ClCompile>
    <ClCompile Include="Time.cpp">
      <Filter>Source Files\Engine\SystemUtilities</Filter>
    </ClCompile>
    <ClCompile Include="System.cpp">
      <Filter>Source Files\Engine\Main</Filter>
    </ClCompile>
    <ClCompile Include="TextureShader.cpp">
      <Filter>Source Files\Engine\Shaders</Filter>
    </ClCompile>
    <ClCompile Include="TextureLoader.cpp">
      <Filter>Source Files\Engine\SystemUtilities</Filter>
    </ClCompile>
    <ClCompile Include="InputManager.cpp">
      <Filter>Source Files\Engine\SystemUtilities</Filter>
    </ClCompile>
    <ClCompile Include="RenderTexture.cpp">
      <Filter>Source Files</Filter>
    </ClCompile>
    <ClCompile Include="Object.cpp">
      <Filter>Source Files\Engine\Objects\Objects3D</Filter>
    </ClCompile>
    <ClCompile Include="Bitmap.cpp">
      <Filter>Source Files\Engine\Objects\Objects2D</Filter>
    </ClCompile>
    <ClCompile Include="DebugWindow.cpp">
      <Filter>Source Files</Filter>
    </ClCompile>
    <ClCompile Include="Cube.cpp">
      <Filter>Source Files</Filter>
    </ClCompile>
  </ItemGroup>
</Project>